
Microsoft Visual Studio Solution File, Format Version 12.00
# Visual Studio Version 17
VisualStudioVersion = 17.8.34316.72
MinimumVisualStudioVersion = 10.0.40219.1
Project("{9A19103F-16F7-4668-BE54-9A1E7A4F7556}") = "API-SO-tag-analyzer", "API-SO-tag-analyzer.csproj", "{DF76E03A-A6B4-4E57-88EA-E6905ABAD3B4}"
EndProject
Project("{9A19103F-16F7-4668-BE54-9A1E7A4F7556}") = "API-SO-tag-analyzer.test", "..\API-SO-tag-analyzer.test\API-SO-tag-analyzer.test.csproj", "{A1D2C68A-1501-4852-B8EB-ECC7FD63E303}"
	ProjectSection(ProjectDependencies) = postProject
		{DF76E03A-A6B4-4E57-88EA-E6905ABAD3B4} = {DF76E03A-A6B4-4E57-88EA-E6905ABAD3B4}
	EndProjectSection
EndProject
Project("{2150E333-8FDC-42A3-9474-1A3956D46DE8}") = "Solution Items", "Solution Items", "{1642B1CA-FF67-467D-8C96-594D95AFE176}"
	ProjectSection(SolutionItems) = preProject
		.editorconfig = .editorconfig
	EndProjectSection
EndProject
Global
	GlobalSection(SolutionConfigurationPlatforms) = preSolution
		Debug|Any CPU = Debug|Any CPU
		Release|Any CPU = Release|Any CPU
	EndGlobalSection
	GlobalSection(ProjectConfigurationPlatforms) = postSolution
		{DF76E03A-A6B4-4E57-88EA-E6905ABAD3B4}.Debug|Any CPU.ActiveCfg = Debug|Any CPU
		{DF76E03A-A6B4-4E57-88EA-E6905ABAD3B4}.Debug|Any CPU.Build.0 = Debug|Any CPU
		{DF76E03A-A6B4-4E57-88EA-E6905ABAD3B4}.Release|Any CPU.ActiveCfg = Release|Any CPU
		{DF76E03A-A6B4-4E57-88EA-E6905ABAD3B4}.Release|Any CPU.Build.0 = Release|Any CPU
		{A1D2C68A-1501-4852-B8EB-ECC7FD63E303}.Debug|Any CPU.ActiveCfg = Debug|Any CPU
		{A1D2C68A-1501-4852-B8EB-ECC7FD63E303}.Debug|Any CPU.Build.0 = Debug|Any CPU
		{A1D2C68A-1501-4852-B8EB-ECC7FD63E303}.Release|Any CPU.ActiveCfg = Release|Any CPU
		{A1D2C68A-1501-4852-B8EB-ECC7FD63E303}.Release|Any CPU.Build.0 = Release|Any CPU
	EndGlobalSection
	GlobalSection(SolutionProperties) = preSolution
		HideSolutionNode = FALSE
	EndGlobalSection
	GlobalSection(ExtensibilityGlobals) = postSolution
		SolutionGuid = {B0C2EA0B-8DB4-4C56-B3FF-4AE41537FB6C}
	EndGlobalSection
EndGlobal
